
Microsoft Visual Studio Solution File, Format Version 12.00
# Visual Studio 2013
VisualStudioVersion = 12.0.21005.1
MinimumVisualStudioVersion = 10.0.40219.1
Project("{FAE04EC0-301F-11D3-BF4B-00C04F79EFBC}") = "Punto_Venta", "Punto_Venta\Punto_Venta.csproj", "{95E1D6DD-B684-4876-BF88-D18C51D13FAE}"
EndProject
Project("{FAE04EC0-301F-11D3-BF4B-00C04F79EFBC}") = "CapaDatos", "CapaDatos\CapaDatos.csproj", "{8BE1E889-76A8-4F8B-9E28-B5F7E4F7FD59}"
EndProject
Project("{FAE04EC0-301F-11D3-BF4B-00C04F79EFBC}") = "CapaNegocio", "CapaNegocio\CapaNegocio.csproj", "{CEA353A0-46CD-44C6-8D61-7530D87B31DD}"
EndProject
Global
	GlobalSection(SolutionConfigurationPlatforms) = preSolution
		Debug|Any CPU = Debug|Any CPU
		Release|Any CPU = Release|Any CPU
	EndGlobalSection
	GlobalSection(ProjectConfigurationPlatforms) = postSolution
		{95E1D6DD-B684-4876-BF88-D18C51D13FAE}.Debug|Any CPU.ActiveCfg = Debug|Any CPU
		{95E1D6DD-B684-4876-BF88-D18C51D13FAE}.Debug|Any CPU.Build.0 = Debug|Any CPU
		{95E1D6DD-B684-4876-BF88-D18C51D13FAE}.Release|Any CPU.ActiveCfg = Release|Any CPU
		{95E1D6DD-B684-4876-BF88-D18C51D13FAE}.Release|Any CPU.Build.0 = Release|Any CPU
		{8BE1E889-76A8-4F8B-9E28-B5F7E4F7FD59}.Debug|Any CPU.ActiveCfg = Debug|Any CPU
		{8BE1E889-76A8-4F8B-9E28-B5F7E4F7FD59}.Debug|Any CPU.Build.0 = Debug|Any CPU
		{8BE1E889-76A8-4F8B-9E28-B5F7E4F7FD59}.Release|Any CPU.ActiveCfg = Release|Any CPU
		{8BE1E889-76A8-4F8B-9E28-B5F7E4F7FD59}.Release|Any CPU.Build.0 = Release|Any CPU
		{CEA353A0-46CD-44C6-8D61-7530D87B31DD}.Debug|Any CPU.ActiveCfg = Debug|Any CPU
		{CEA353A0-46CD-44C6-8D61-7530D87B31DD}.Debug|Any CPU.Build.0 = Debug|Any CPU
		{CEA353A0-46CD-44C6-8D61-7530D87B31DD}.Release|Any CPU.ActiveCfg = Release|Any CPU
		{CEA353A0-46CD-44C6-8D61-7530D87B31DD}.Release|Any CPU.Build.0 = Release|Any CPU
	EndGlobalSection
	GlobalSection(SolutionProperties) = preSolution
		HideSolutionNode = FALSE
	EndGlobalSection
EndGlobal
